// !$*UTF8*$!
{
	archiveVersion = 1;
	classes = {
	};
	objectVersion = 56;
	objects = {

/* Begin PBXBuildFile section */
		7D0CEAB429E2D8CB00411167 /* ToDoSwiftUIApp.swift in Sources */ = {isa = PBXBuildFile; fileRef = 7D0CEAB329E2D8CB00411167 /* ToDoSwiftUIApp.swift */; };
		7D0CEAB629E2D8CB00411167 /* ContentView.swift in Sources */ = {isa = PBXBuildFile; fileRef = 7D0CEAB529E2D8CB00411167 /* ContentView.swift */; };
		7D0CEAB829E2D8D100411167 /* Assets.xcassets in Resources */ = {isa = PBXBuildFile; fileRef = 7D0CEAB729E2D8D100411167 /* Assets.xcassets */; };
		7D0CEABB29E2D8D100411167 /* Preview Assets.xcassets in Resources */ = {isa = PBXBuildFile; fileRef = 7D0CEABA29E2D8D100411167 /* Preview Assets.xcassets */; };
		7D0CEAC329E2DB7C00411167 /* Realm in Frameworks */ = {isa = PBXBuildFile; productRef = 7D0CEAC229E2DB7C00411167 /* Realm */; };
		7D0CEAC529E2DB7C00411167 /* RealmSwift in Frameworks */ = {isa = PBXBuildFile; productRef = 7D0CEAC429E2DB7C00411167 /* RealmSwift */; };
		7D0CEAC729E2DC2600411167 /* ToDoFile.swift in Sources */ = {isa = PBXBuildFile; fileRef = 7D0CEAC629E2DC2600411167 /* ToDoFile.swift */; };
		7D0CEACB29E2DF1F00411167 /* Home.swift in Sources */ = {isa = PBXBuildFile; fileRef = 7D0CEACA29E2DF1F00411167 /* Home.swift */; };
		7DA81A7629FF8BF3002E1C75 /* FileModel.swift in Sources */ = {isa = PBXBuildFile; fileRef = 7DA81A7529FF8BF3002E1C75 /* FileModel.swift */; };
		7DAA8D2B2A0016160007E85A /* ListViewUI.swift in Sources */ = {isa = PBXBuildFile; fileRef = 7DAA8D2A2A0016160007E85A /* ListViewUI.swift */; };
/* End PBXBuildFile section */

/* Begin PBXFileReference section */
		7D0CEAB029E2D8CB00411167 /* ToDoSwiftUI.app */ = {isa = PBXFileReference; explicitFileType = wrapper.application; includeInIndex = 0; path = ToDoSwiftUI.app; sourceTree = BUILT_PRODUCTS_DIR; };
		7D0CEAB329E2D8CB00411167 /* ToDoSwiftUIApp.swift */ = {isa = PBXFileReference; lastKnownFileType = sourcecode.swift; path = ToDoSwiftUIApp.swift; sourceTree = "<group>"; };
		7D0CEAB529E2D8CB00411167 /* ContentView.swift */ = {isa = PBXFileReference; lastKnownFileType = sourcecode.swift; path = ContentView.swift; sourceTree = "<group>"; };
		7D0CEAB729E2D8D100411167 /* Assets.xcassets */ = {isa = PBXFileReference; lastKnownFileType = folder.assetcatalog; path = Assets.xcassets; sourceTree = "<group>"; };
		7D0CEABA29E2D8D100411167 /* Preview Assets.xcassets */ = {isa = PBXFileReference; lastKnownFileType = folder.assetcatalog; path = "Preview Assets.xcassets"; sourceTree = "<group>"; };
		7D0CEAC629E2DC2600411167 /* ToDoFile.swift */ = {isa = PBXFileReference; lastKnownFileType = sourcecode.swift; path = ToDoFile.swift; sourceTree = "<group>"; };
		7D0CEACA29E2DF1F00411167 /* Home.swift */ = {isa = PBXFileReference; lastKnownFileType = sourcecode.swift; path = Home.swift; sourceTree = "<group>"; };
		7DA81A7529FF8BF3002E1C75 /* FileModel.swift */ = {isa = PBXFileReference; lastKnownFileType = sourcecode.swift; path = FileModel.swift; sourceTree = "<group>"; };
		7DAA8D2A2A0016160007E85A /* ListViewUI.swift */ = {isa = PBXFileReference; lastKnownFileType = sourcecode.swift; path = ListViewUI.swift; sourceTree = "<group>"; };
/* End PBXFileReference section */

/* Begin PBXFrameworksBuildPhase section */
		7D0CEAAD29E2D8CB00411167 /* Frameworks */ = {
			isa = PBXFrameworksBuildPhase;
			buildActionMask = 2147483647;
			files = (
				7D0CEAC529E2DB7C00411167 /* RealmSwift in Frameworks */,
				7D0CEAC329E2DB7C00411167 /* Realm in Frameworks */,
			);
			runOnlyForDeploymentPostprocessing = 0;
		};
/* End PBXFrameworksBuildPhase section */

/* Begin PBXGroup section */
		7D0CEAA729E2D8CB00411167 = {
			isa = PBXGroup;
			children = (
				7D0CEAB229E2D8CB00411167 /* ToDoSwiftUI */,
				7D0CEAB129E2D8CB00411167 /* Products */,
			);
			sourceTree = "<group>";
		};
		7D0CEAB129E2D8CB00411167 /* Products */ = {
			isa = PBXGroup;
			children = (
				7D0CEAB029E2D8CB00411167 /* ToDoSwiftUI.app */,
			);
			name = Products;
			sourceTree = "<group>";
		};
		7D0CEAB229E2D8CB00411167 /* ToDoSwiftUI */ = {
			isa = PBXGroup;
			children = (
				7D0CEAB329E2D8CB00411167 /* ToDoSwiftUIApp.swift */,
				7DA81A7429FED85C002E1C75 /* Model */,
				7D0CEACC29E2DF2800411167 /* View */,
				7D0CEAB729E2D8D100411167 /* Assets.xcassets */,
				7D0CEAB929E2D8D100411167 /* Preview Content */,
				7DA81A7529FF8BF3002E1C75 /* FileModel.swift */,
			);
			path = ToDoSwiftUI;
			sourceTree = "<group>";
		};
		7D0CEAB929E2D8D100411167 /* Preview Content */ = {
			isa = PBXGroup;
			children = (
				7D0CEABA29E2D8D100411167 /* Preview Assets.xcassets */,
			);
			path = "Preview Content";
			sourceTree = "<group>";
		};
		7D0CEACC29E2DF2800411167 /* View */ = {
			isa = PBXGroup;
			children = (
				7D0CEACA29E2DF1F00411167 /* Home.swift */,
				7D0CEAB529E2D8CB00411167 /* ContentView.swift */,
				7DAA8D2A2A0016160007E85A /* ListViewUI.swift */,
			);
			path = View;
			sourceTree = "<group>";
		};
		7DA81A7429FED85C002E1C75 /* Model */ = {
			isa = PBXGroup;
			children = (
				7D0CEAC629E2DC2600411167 /* ToDoFile.swift */,
			);
			path = Model;
			sourceTree = "<group>";
		};
/* End PBXGroup section */

/* Begin PBXNativeTarget section */
		7D0CEAAF29E2D8CB00411167 /* ToDoSwiftUI */ = {
			isa = PBXNativeTarget;
			buildConfigurationList = 7D0CEABE29E2D8D100411167 /* Build configuration list for PBXNativeTarget "ToDoSwiftUI" */;
			buildPhases = (
				7D0CEAAC29E2D8CB00411167 /* Sources */,
				7D0CEAAD29E2D8CB00411167 /* Frameworks */,
				7D0CEAAE29E2D8CB00411167 /* Resources */,
			);
			buildRules = (
			);
			dependencies = (
			);
			name = ToDoSwiftUI;
			packageProductDependencies = (
				7D0CEAC229E2DB7C00411167 /* Realm */,
				7D0CEAC429E2DB7C00411167 /* RealmSwift */,
			);
			productName = ToDoSwiftUI;
			productReference = 7D0CEAB029E2D8CB00411167 /* ToDoSwiftUI.app */;
			productType = "com.apple.product-type.application";
		};
/* End PBXNativeTarget section */

/* Begin PBXProject section */
		7D0CEAA829E2D8CB00411167 /* Project object */ = {
			isa = PBXProject;
			attributes = {
				BuildIndependentTargetsInParallel = 1;
				LastSwiftUpdateCheck = 1420;
				LastUpgradeCheck = 1420;
				TargetAttributes = {
					7D0CEAAF29E2D8CB00411167 = {
						CreatedOnToolsVersion = 14.2;
					};
				};
			};
			buildConfigurationList = 7D0CEAAB29E2D8CB00411167 /* Build configuration list for PBXProject "ToDoSwiftUI" */;
			compatibilityVersion = "Xcode 14.0";
			developmentRegion = en;
			hasScannedForEncodings = 0;
			knownRegions = (
				en,
				Base,
			);
			mainGroup = 7D0CEAA729E2D8CB00411167;
			packageReferences = (
				7D0CEAC129E2DB7C00411167 /* XCRemoteSwiftPackageReference "realm-swift" */,
			);
			productRefGroup = 7D0CEAB129E2D8CB00411167 /* Products */;
			projectDirPath = "";
			projectRoot = "";
			targets = (
				7D0CEAAF29E2D8CB00411167 /* ToDoSwiftUI */,
			);
		};
/* End PBXProject section */

/* Begin PBXResourcesBuildPhase section */
		7D0CEAAE29E2D8CB00411167 /* Resources */ = {
			isa = PBXResourcesBuildPhase;
			buildActionMask = 2147483647;
			files = (
				7D0CEABB29E2D8D100411167 /* Preview Assets.xcassets in Resources */,
				7D0CEAB829E2D8D100411167 /* Assets.xcassets in Resources */,
			);
			runOnlyForDeploymentPostprocessing = 0;
		};
/* End PBXResourcesBuildPhase section */

/* Begin PBXSourcesBuildPhase section */
		7D0CEAAC29E2D8CB00411167 /* Sources */ = {
			isa = PBXSourcesBuildPhase;
			buildActionMask = 2147483647;
			files = (
				7D0CEAC729E2DC2600411167 /* ToDoFile.swift in Sources */,
				7DA81A7629FF8BF3002E1C75 /* FileModel.swift in Sources */,
				7D0CEACB29E2DF1F00411167 /* Home.swift in Sources */,
				7D0CEAB629E2D8CB00411167 /* ContentView.swift in Sources */,
				7DAA8D2B2A0016160007E85A /* ListViewUI.swift in Sources */,
				7D0CEAB429E2D8CB00411167 /* ToDoSwiftUIApp.swift in Sources */,
			);
			runOnlyForDeploymentPostprocessing = 0;
		};
/* End PBXSourcesBuildPhase section */

/* Begin XCBuildConfiguration section */
		7D0CEABC29E2D8D100411167 /* Debug */ = {
			isa = XCBuildConfiguration;
			buildSettings = {
				ALWAYS_SEARCH_USER_PATHS = NO;
				CLANG_ANALYZER_NONNULL = YES;
				CLANG_ANALYZER_NUMBER_OBJECT_CONVERSION = YES_AGGRESSIVE;
				CLANG_CXX_LANGUAGE_STANDARD = "gnu++20";
				CLANG_ENABLE_MODULES = YES;
				CLANG_ENABLE_OBJC_ARC = YES;
				CLANG_ENABLE_OBJC_WEAK = YES;
				CLANG_WARN_BLOCK_CAPTURE_AUTORELEASING = YES;
				CLANG_WARN_BOOL_CONVERSION = YES;
				CLANG_WARN_COMMA = YES;
				CLANG_WARN_CONSTANT_CONVERSION = YES;
				CLANG_WARN_DEPRECATED_OBJC_IMPLEMENTATIONS = YES;
				CLANG_WARN_DIRECT_OBJC_ISA_USAGE = YES_ERROR;
				CLANG_WARN_DOCUMENTATION_COMMENTS = YES;
				CLANG_WARN_EMPTY_BODY = YES;
				CLANG_WARN_ENUM_CONVERSION = YES;
				CLANG_WARN_INFINITE_RECURSION = YES;
				CLANG_WARN_INT_CONVERSION = YES;
				CLANG_WARN_NON_LITERAL_NULL_CONVERSION = YES;
				CLANG_WARN_OBJC_IMPLICIT_RETAIN_SELF = YES;
				CLANG_WARN_OBJC_LITERAL_CONVERSION = YES;
				CLANG_WARN_OBJC_ROOT_CLASS = YES_ERROR;
				CLANG_WARN_QUOTED_INCLUDE_IN_FRAMEWORK_HEADER = YES;
				CLANG_WARN_RANGE_LOOP_ANALYSIS = YES;
				CLANG_WARN_STRICT_PROTOTYPES = YES;
				CLANG_WARN_SUSPICIOUS_MOVE = YES;
				CLANG_WARN_UNGUARDED_AVAILABILITY = YES_AGGRESSIVE;
				CLANG_WARN_UNREACHABLE_CODE = YES;
				CLANG_WARN__DUPLICATE_METHOD_MATCH = YES;
				COPY_PHASE_STRIP = NO;
				DEBUG_INFORMATION_FORMAT = dwarf;
				ENABLE_STRICT_OBJC_MSGSEND = YES;
				ENABLE_TESTABILITY = YES;
				GCC_C_LANGUAGE_STANDARD = gnu11;
				GCC_DYNAMIC_NO_PIC = NO;
				GCC_NO_COMMON_BLOCKS = YES;
				GCC_OPTIMIZATION_LEVEL = 0;
				GCC_PREPROCESSOR_DEFINITIONS = (
					"DEBUG=1",
					"$(inherited)",
				);
				GCC_WARN_64_TO_32_BIT_CONVERSION = YES;
				GCC_WARN_ABOUT_RETURN_TYPE = YES_ERROR;
				GCC_WARN_UNDECLARED_SELECTOR = YES;
				GCC_WARN_UNINITIALIZED_AUTOS = YES_AGGRESSIVE;
				GCC_WARN_UNUSED_FUNCTION = YES;
				GCC_WARN_UNUSED_VARIABLE = YES;
				IPHONEOS_DEPLOYMENT_TARGET = 16.2;
				MTL_ENABLE_DEBUG_INFO = INCLUDE_SOURCE;
				MTL_FAST_MATH = YES;
				ONLY_ACTIVE_ARCH = YES;
				SDKROOT = iphoneos;
				SWIFT_ACTIVE_COMPILATION_CONDITIONS = DEBUG;
				SWIFT_OPTIMIZATION_LEVEL = "-Onone";
			};
			name = Debug;
		};
		7D0CEABD29E2D8D100411167 /* Release */ = {
			isa = XCBuildConfiguration;
			buildSettings = {
				ALWAYS_SEARCH_USER_PATHS = NO;
				CLANG_ANALYZER_NONNULL = YES;
				CLANG_ANALYZER_NUMBER_OBJECT_CONVERSION = YES_AGGRESSIVE;
				CLANG_CXX_LANGUAGE_STANDARD = "gnu++20";
				CLANG_ENABLE_MODULES = YES;
				CLANG_ENABLE_OBJC_ARC = YES;
				CLANG_ENABLE_OBJC_WEAK = YES;
				CLANG_WARN_BLOCK_CAPTURE_AUTORELEASING = YES;
				CLANG_WARN_BOOL_CONVERSION = YES;
				CLANG_WARN_COMMA = YES;
				CLANG_WARN_CONSTANT_CONVERSION = YES;
				CLANG_WARN_DEPRECATED_OBJC_IMPLEMENTATIONS = YES;
				CLANG_WARN_DIRECT_OBJC_ISA_USAGE = YES_ERROR;
				CLANG_WARN_DOCUMENTATION_COMMENTS = YES;
				CLANG_WARN_EMPTY_BODY = YES;
				CLANG_WARN_ENUM_CONVERSION = YES;
				CLANG_WARN_INFINITE_RECURSION = YES;
				CLANG_WARN_INT_CONVERSION = YES;
				CLANG_WARN_NON_LITERAL_NULL_CONVERSION = YES;
				CLANG_WARN_OBJC_IMPLICIT_RETAIN_SELF = YES;
				CLANG_WARN_OBJC_LITERAL_CONVERSION = YES;
				CLANG_WARN_OBJC_ROOT_CLASS = YES_ERROR;
				CLANG_WARN_QUOTED_INCLUDE_IN_FRAMEWORK_HEADER = YES;
				CLANG_WARN_RANGE_LOOP_ANALYSIS = YES;
				CLANG_WARN_STRICT_PROTOTYPES = YES;
				CLANG_WARN_SUSPICIOUS_MOVE = YES;
				CLANG_WARN_UNGUARDED_AVAILABILITY = YES_AGGRESSIVE;
				CLANG_WARN_UNREACHABLE_CODE = YES;
				CLANG_WARN__DUPLICATE_METHOD_MATCH = YES;
				COPY_PHASE_STRIP = NO;
				DEBUG_INFORMATION_FORMAT = "dwarf-with-dsym";
				ENABLE_NS_ASSERTIONS = NO;
				ENABLE_STRICT_OBJC_MSGSEND = YES;
				GCC_C_LANGUAGE_STANDARD = gnu11;
				GCC_NO_COMMON_BLOCKS = YES;
				GCC_WARN_64_TO_32_BIT_CONVERSION = YES;
				GCC_WARN_ABOUT_RETURN_TYPE = YES_ERROR;
				GCC_WARN_UNDECLARED_SELECTOR = YES;
				GCC_WARN_UNINITIALIZED_AUTOS = YES_AGGRESSIVE;
				GCC_WARN_UNUSED_FUNCTION = YES;
				GCC_WARN_UNUSED_VARIABLE = YES;
				IPHONEOS_DEPLOYMENT_TARGET = 16.2;
				MTL_ENABLE_DEBUG_INFO = NO;
				MTL_FAST_MATH = YES;
				SDKROOT = iphoneos;
				SWIFT_COMPILATION_MODE = wholemodule;
				SWIFT_OPTIMIZATION_LEVEL = "-O";
				VALIDATE_PRODUCT = YES;
			};
			name = Release;
		};
		7D0CEABF29E2D8D100411167 /* Debug */ = {
			isa = XCBuildConfiguration;
			buildSettings = {
				ASSETCATALOG_COMPILER_APPICON_NAME = AppIcon;
				ASSETCATALOG_COMPILER_GLOBAL_ACCENT_COLOR_NAME = AccentColor;
				CODE_SIGN_STYLE = Automatic;
				CURRENT_PROJECT_VERSION = 1;
				DEVELOPMENT_ASSET_PATHS = "\"ToDoSwiftUI/Preview Content\"";
				DEVELOPMENT_TEAM = 72LYX5328F;
				ENABLE_PREVIEWS = YES;
				GENERATE_INFOPLIST_FILE = YES;
				INFOPLIST_KEY_UIApplicationSceneManifest_Generation = YES;
				INFOPLIST_KEY_UIApplicationSupportsIndirectInputEvents = YES;
				INFOPLIST_KEY_UILaunchScreen_Generation = YES;
				INFOPLIST_KEY_UISupportedInterfaceOrientations_iPad = "UIInterfaceOrientationPortrait UIInterfaceOrientationPortraitUpsideDown UIInterfaceOrientationLandscapeLeft UIInterfaceOrientationLandscapeRight";
				INFOPLIST_KEY_UISupportedInterfaceOrientations_iPhone = "UIInterfaceOrientationPortrait UIInterfaceOrientationLandscapeLeft UIInterfaceOrientationLandscapeRight";
				LD_RUNPATH_SEARCH_PATHS = (
					"$(inherited)",
					"@executable_path/Frameworks",
				);
				MARKETING_VERSION = 1.0;
				PRODUCT_BUNDLE_IDENTIFIER = vnshiryaev.ToDoSwiftUI;
				PRODUCT_NAME = "$(TARGET_NAME)";
				SWIFT_EMIT_LOC_STRINGS = YES;
				SWIFT_VERSION = 5.0;
				TARGETED_DEVICE_FAMILY = "1,2";
			};
			name = Debug;
		};
		7D0CEAC029E2D8D100411167 /* Release */ = {
			isa = XCBuildConfiguration;
			buildSettings = {
				ASSETCATALOG_COMPILER_APPICON_NAME = AppIcon;
				ASSETCATALOG_COMPILER_GLOBAL_ACCENT_COLOR_NAME = AccentColor;
				CODE_SIGN_STYLE = Automatic;
				CURRENT_PROJECT_VERSION = 1;
				DEVELOPMENT_ASSET_PATHS = "\"ToDoSwiftUI/Preview Content\"";
				DEVELOPMENT_TEAM = 72LYX5328F;
				ENABLE_PREVIEWS = YES;
				GENERATE_INFOPLIST_FILE = YES;
				INFOPLIST_KEY_UIApplicationSceneManifest_Generation = YES;
				INFOPLIST_KEY_UIApplicationSupportsIndirectInputEvents = YES;
				INFOPLIST_KEY_UILaunchScreen_Generation = YES;
				INFOPLIST_KEY_UISupportedInterfaceOrientations_iPad = "UIInterfaceOrientationPortrait UIInterfaceOrientationPortraitUpsideDown UIInterfaceOrientationLandscapeLeft UIInterfaceOrientationLandscapeRight";
				INFOPLIST_KEY_UISupportedInterfaceOrientations_iPhone = "UIInterfaceOrientationPortrait UIInterfaceOrientationLandscapeLeft UIInterfaceOrientationLandscapeRight";
				LD_RUNPATH_SEARCH_PATHS = (
					"$(inherited)",
					"@executable_path/Frameworks",
				);
				MARKETING_VERSION = 1.0;
				PRODUCT_BUNDLE_IDENTIFIER = vnshiryaev.ToDoSwiftUI;
				PRODUCT_NAME = "$(TARGET_NAME)";
				SWIFT_EMIT_LOC_STRINGS = YES;
				SWIFT_VERSION = 5.0;
				TARGETED_DEVICE_FAMILY = "1,2";
			};
			name = Release;
		};
/* End XCBuildConfiguration section */

/* Begin XCConfigurationList section */
		7D0CEAAB29E2D8CB00411167 /* Build configuration list for PBXProject "ToDoSwiftUI" */ = {
			isa = XCConfigurationList;
			buildConfigurations = (
				7D0CEABC29E2D8D100411167 /* Debug */,
				7D0CEABD29E2D8D100411167 /* Release */,
			);
			defaultConfigurationIsVisible = 0;
			defaultConfigurationName = Release;
		};
		7D0CEABE29E2D8D100411167 /* Build configuration list for PBXNativeTarget "ToDoSwiftUI" */ = {
			isa = XCConfigurationList;
			buildConfigurations = (
				7D0CEABF29E2D8D100411167 /* Debug */,
				7D0CEAC029E2D8D100411167 /* Release */,
			);
			defaultConfigurationIsVisible = 0;
			defaultConfigurationName = Release;
		};
/* End XCConfigurationList section */

/* Begin XCRemoteSwiftPackageReference section */
		7D0CEAC129E2DB7C00411167 /* XCRemoteSwiftPackageReference "realm-swift" */ = {
			isa = XCRemoteSwiftPackageReference;
			repositoryURL = "https://github.com/realm/realm-swift.git";
			requirement = {
				branch = master;
				kind = branch;
			};
		};
/* End XCRemoteSwiftPackageReference section */

/* Begin XCSwiftPackageProductDependency section */
		7D0CEAC229E2DB7C00411167 /* Realm */ = {
			isa = XCSwiftPackageProductDependency;
			package = 7D0CEAC129E2DB7C00411167 /* XCRemoteSwiftPackageReference "realm-swift" */;
			productName = Realm;
		};
		7D0CEAC429E2DB7C00411167 /* RealmSwift */ = {
			isa = XCSwiftPackageProductDependency;
			package = 7D0CEAC129E2DB7C00411167 /* XCRemoteSwiftPackageReference "realm-swift" */;
			productName = RealmSwift;
		};
/* End XCSwiftPackageProductDependency section */
	};
	rootObject = 7D0CEAA829E2D8CB00411167 /* Project object */;
}
